PODS:
  - AFNetworking (3.2.1):
    - AFNetworking/NSURLSession (= 3.2.1)
    - AFNetworking/Reachability (= 3.2.1)
    - AFNetworking/Security (= 3.2.1)
    - AFNetworking/Serialization (= 3.2.1)
    - AFNetworking/UIKit (= 3.2.1)
  - AFNetworking/NSURLSession (3.2.1):
    - AFNetworking/Reachability
    - AFNetworking/Security
    - AFNetworking/Serialization
  - AFNetworking/Reachability (3.2.1)
  - AFNetworking/Security (3.2.1)
  - AFNetworking/Serialization (3.2.1)
  - AFNetworking/UIKit (3.2.1):
    - AFNetworking/NSURLSession
  - cmark (0.24.1)
  - DTCoreText (1.6.22):
    - DTCoreText/Core (= 1.6.22)
    - DTFoundation/Core (~> 1.7.5)
    - DTFoundation/DTAnimatedGIF (~> 1.7.5)
    - DTFoundation/DTHTMLParser (~> 1.7.5)
    - DTFoundation/UIKit (~> 1.7.5)
  - DTCoreText/Core (1.6.22):
    - DTFoundation/Core (~> 1.7.5)
    - DTFoundation/DTAnimatedGIF (~> 1.7.5)
    - DTFoundation/DTHTMLParser (~> 1.7.5)
    - DTFoundation/UIKit (~> 1.7.5)
  - DTFoundation/Core (1.7.13)
  - DTFoundation/DTAnimatedGIF (1.7.13)
  - DTFoundation/DTHTMLParser (1.7.13):
    - DTFoundation/Core
  - DTFoundation/UIKit (1.7.13):
    - DTFoundation/Core
  - GBDeviceInfo (5.2.0):
    - GBDeviceInfo/Core (= 5.2.0)
  - GBDeviceInfo/Core (5.2.0)
  - GZIP (1.2.3)
  - HPGrowingTextView (1.1)
  - JitsiMeetSDK (2.1.0)
  - libbase58 (0.1.4)
  - libPhoneNumber-iOS (0.9.15)
  - MatomoTracker (6.0.1):
    - MatomoTracker/Core (= 6.0.1)
  - MatomoTracker/Core (6.0.1)
  - MatrixKit (0.11.1):
    - cmark (~> 0.24.1)
    - DTCoreText (~> 1.6.21)
    - HPGrowingTextView (~> 1.1)
    - libPhoneNumber-iOS (~> 0.9.13)
    - MatrixKit/Core (= 0.11.1)
    - MatrixSDK (= 0.14.0)
    - SwiftUTI (~> 1.0.6)
  - MatrixKit/Core (0.11.1):
    - cmark (~> 0.24.1)
    - DTCoreText (~> 1.6.21)
    - HPGrowingTextView (~> 1.1)
    - libPhoneNumber-iOS (~> 0.9.13)
    - MatrixSDK (= 0.14.0)
    - SwiftUTI (~> 1.0.6)
  - MatrixSDK (0.14.0):
    - MatrixSDK/Core (= 0.14.0)
  - MatrixSDK/Core (0.14.0):
    - AFNetworking (~> 3.2.0)
    - GZIP (~> 1.2.2)
    - libbase58 (~> 0.1.4)
    - OLMKit (~> 3.1.0)
    - Realm (~> 3.13.1)
  - MatrixSDK/JingleCallStack (0.14.0):
    - JitsiMeetSDK (~> 2.1.0)
    - MatrixSDK/Core
  - MatrixSDK/SwiftSupport (0.14.0):
    - MatrixSDK/Core
  - OLMKit (3.1.0):
    - OLMKit/olmc (= 3.1.0)
    - OLMKit/olmcpp (= 3.1.0)
  - OLMKit/olmc (3.1.0)
  - OLMKit/olmcpp (3.1.0)
  - Realm (3.13.1):
    - Realm/Headers (= 3.13.1)
  - Realm/Headers (3.13.1)
  - Reusable (4.1.0):
    - Reusable/Storyboard (= 4.1.0)
    - Reusable/View (= 4.1.0)
  - Reusable/Storyboard (4.1.0)
  - Reusable/View (4.1.0)
  - RxSwift (4.5.0)
  - SwiftGen (5.3.0)
  - SwiftLint (0.33.1)
  - SwiftUTI (1.0.7)

DEPENDENCIES:
  - cmark
  - DTCoreText
  - GBDeviceInfo (~> 5.2.0)
  - MatomoTracker (~> 6.0.1)
  - MatrixKit (from `https://github.com/matrix-org/matrix-ios-kit.git`, branch `develop`)
  - MatrixSDK (from `https://github.com/matrix-org/matrix-ios-sdk.git`, branch `develop`)
  - MatrixSDK/JingleCallStack (from `https://github.com/matrix-org/matrix-ios-sdk.git`, branch `develop`)
  - MatrixSDK/SwiftSupport (from `https://github.com/matrix-org/matrix-ios-sdk.git`, branch `develop`)
  - OLMKit
  - Reusable (~> 4.1)
  - RxSwift (~> 4.3)
  - SwiftGen (~> 5.3)
  - SwiftLint (~> 0.27)
  - SwiftUTI (from `https://github.com/speramusinc/SwiftUTI.git`, branch `master`)

SPEC REPOS:
  https://github.com/cocoapods/specs.git:
    - AFNetworking
    - cmark
    - DTCoreText
    - DTFoundation
    - GBDeviceInfo
    - GZIP
    - HPGrowingTextView
    - JitsiMeetSDK
    - libbase58
    - libPhoneNumber-iOS
    - MatomoTracker
    - OLMKit
    - Realm
    - Reusable
    - RxSwift
    - SwiftGen
    - SwiftLint

EXTERNAL SOURCES:
  MatrixKit:
    :branch: develop
    :git: https://github.com/matrix-org/matrix-ios-kit.git
  MatrixSDK:
    :branch: develop
    :git: https://github.com/matrix-org/matrix-ios-sdk.git
  SwiftUTI:
    :branch: master
    :git: https://github.com/speramusinc/SwiftUTI.git

CHECKOUT OPTIONS:
  MatrixKit:
    :commit: 771aeaa63db809ea50429965bd0b8e4709da1927
    :git: https://github.com/matrix-org/matrix-ios-kit.git
  MatrixSDK:
    :commit: 003fb82c4b62fd687cc95ee5ece7af371ad44a36
    :git: https://github.com/matrix-org/matrix-ios-sdk.git
  SwiftUTI:
    :commit: c21237f13e9fb31a07f3fcd5243c5cf79d75901c
    :git: https://github.com/speramusinc/SwiftUTI.git

SPEC CHECKSUMS:
  AFNetworking: b6f891fdfaed196b46c7a83cf209e09697b94057
  cmark: 1d9ad0375e3b9fa281732e992467903606015520
  DTCoreText: ad5135357a0e792f735970ed67d3ecda8b602d3d
  DTFoundation: f03be9fd786f11e505bb8fc44e2a3732bf0917df
  GBDeviceInfo: 2c65ceb9404f9079264d4c238f5b81916fdfc5e2
  GZIP: af5c90ef903776a7e9afe6ebebd794a84a2929d4
  HPGrowingTextView: 88a716d97fb853bcb08a4a08e4727da17efc9b19
  JitsiMeetSDK: 3e66564af7f38a19142338955dd7f581801852b3
  libbase58: 7c040313537b8c44b6e2d15586af8e21f7354efd
  libPhoneNumber-iOS: 0a32a9525cf8744fe02c5206eb30d571e38f7d75
  MatomoTracker: 3ae4f65a1f5ace8043bda7244888fee28a734de5
  MatrixKit: db698352271a738b3c0e2f1a331088ea41f90ae1
  MatrixSDK: 0f965f8700420696ab15bf48d827a03d98b0ffac
  OLMKit: 4ee0159d63feeb86d836fdcfefe418e163511639
  Realm: 50071da38fe079e0735e47c9f2eae738c68c5996
  Reusable: 82be188f29d96dc5eff0db7b2393bcc08d2cdd5b
  RxSwift: f172070dfd1a93d70a9ab97a5a01166206e1c575
  SwiftGen: 4379bd3640b0a212a0f6ea3c494adba385513d10
  SwiftLint: 9fc1143bbacec37f94994a7d0d2a85b2154b6294
  SwiftUTI: 917993c124f8eac25e88ced0202fc58d7eb50fa8

PODFILE CHECKSUM: 215e1889ed461f99e70e77bf3b239517a5c70734

COCOAPODS: 1.7.4
