PODS:
  - AFNetworking (3.2.1):
    - AFNetworking/NSURLSession (= 3.2.1)
    - AFNetworking/Reachability (= 3.2.1)
    - AFNetworking/Security (= 3.2.1)
    - AFNetworking/Serialization (= 3.2.1)
    - AFNetworking/UIKit (= 3.2.1)
  - AFNetworking/NSURLSession (3.2.1):
    - AFNetworking/Reachability
    - AFNetworking/Security
    - AFNetworking/Serialization
  - AFNetworking/Reachability (3.2.1)
  - AFNetworking/Security (3.2.1)
  - AFNetworking/Serialization (3.2.1)
  - AFNetworking/UIKit (3.2.1):
    - AFNetworking/NSURLSession
  - cmark (0.24.1)
  - DTCoreText (1.6.23):
    - DTCoreText/Core (= 1.6.23)
    - DTFoundation/Core (~> 1.7.5)
    - DTFoundation/DTAnimatedGIF (~> 1.7.5)
    - DTFoundation/DTHTMLParser (~> 1.7.5)
    - DTFoundation/UIKit (~> 1.7.5)
  - DTCoreText/Core (1.6.23):
    - DTFoundation/Core (~> 1.7.5)
    - DTFoundation/DTAnimatedGIF (~> 1.7.5)
    - DTFoundation/DTHTMLParser (~> 1.7.5)
    - DTFoundation/UIKit (~> 1.7.5)
  - DTCoreText/Extension (1.6.23):
    - DTFoundation/Core (~> 1.7.5)
    - DTFoundation/DTAnimatedGIF (~> 1.7.5)
    - DTFoundation/DTHTMLParser (~> 1.7.5)
    - DTFoundation/UIKit (~> 1.7.5)
  - DTFoundation/Core (1.7.14)
  - DTFoundation/DTAnimatedGIF (1.7.14)
  - DTFoundation/DTHTMLParser (1.7.14):
    - DTFoundation/Core
  - DTFoundation/UIKit (1.7.14):
    - DTFoundation/Core
  - GBDeviceInfo (5.2.0):
    - GBDeviceInfo/Core (= 5.2.0)
  - GBDeviceInfo/Core (5.2.0)
  - GZIP (1.2.3)
  - HPGrowingTextView (1.1)
  - JitsiMeetSDK (2.3.1)
  - libbase58 (0.1.4)
  - libPhoneNumber-iOS (0.9.15)
  - MatomoTracker (7.2.0):
    - MatomoTracker/Core (= 7.2.0)
  - MatomoTracker/Core (7.2.0)
  - MatrixKit (0.11.3):
    - cmark (~> 0.24.1)
    - DTCoreText (~> 1.6.21)
    - HPGrowingTextView (~> 1.1)
    - libPhoneNumber-iOS (~> 0.9.13)
    - MatrixKit/Core (= 0.11.3)
    - MatrixSDK (= 0.15.2)
    - SwiftUTI (~> 1.0.6)
  - MatrixKit/AppExtension (0.11.3):
    - cmark (~> 0.24.1)
    - DTCoreText (~> 1.6.21)
    - DTCoreText/Extension
    - HPGrowingTextView (~> 1.1)
    - libPhoneNumber-iOS (~> 0.9.13)
    - MatrixSDK (= 0.15.2)
    - SwiftUTI (~> 1.0.6)
  - MatrixKit/Core (0.11.3):
    - cmark (~> 0.24.1)
    - DTCoreText (~> 1.6.21)
    - HPGrowingTextView (~> 1.1)
    - libPhoneNumber-iOS (~> 0.9.13)
    - MatrixSDK (= 0.15.2)
    - SwiftUTI (~> 1.0.6)
  - MatrixSDK (0.15.2):
    - MatrixSDK/Core (= 0.15.2)
  - MatrixSDK/Core (0.15.2):
    - AFNetworking (~> 3.2.0)
    - GZIP (~> 1.2.2)
    - libbase58 (~> 0.1.4)
    - OLMKit (~> 3.1.0)
    - Realm (~> 3.17.3)
  - MatrixSDK/JingleCallStack (0.15.2):
    - JitsiMeetSDK (~> 2.3.1)
    - MatrixSDK/Core
  - MatrixSDK/SwiftSupport (0.15.2):
    - MatrixSDK/Core
  - OLMKit (3.1.0):
    - OLMKit/olmc (= 3.1.0)
    - OLMKit/olmcpp (= 3.1.0)
  - OLMKit/olmc (3.1.0)
  - OLMKit/olmcpp (3.1.0)
  - Realm (3.17.3):
    - Realm/Headers (= 3.17.3)
  - Realm/Headers (3.17.3)
  - Reusable (4.1.0):
    - Reusable/Storyboard (= 4.1.0)
    - Reusable/View (= 4.1.0)
  - Reusable/Storyboard (4.1.0)
  - Reusable/View (4.1.0)
  - RxSwift (4.5.0)
  - SwiftGen (6.1.0)
  - SwiftLint (0.38.0)
  - SwiftUTI (1.0.7)

DEPENDENCIES:
  - cmark
  - DTCoreText
  - GBDeviceInfo (~> 5.2.0)
  - MatomoTracker (~> 7.2.0)
  - MatrixKit (from `https://github.com/matrix-org/matrix-ios-kit.git`, branch `develop`)
  - MatrixKit/AppExtension (from `https://github.com/matrix-org/matrix-ios-kit.git`, branch `develop`)
  - MatrixSDK (from `https://github.com/matrix-org/matrix-ios-sdk.git`, branch `develop`)
  - MatrixSDK/JingleCallStack (from `https://github.com/matrix-org/matrix-ios-sdk.git`, branch `develop`)
  - MatrixSDK/SwiftSupport (from `https://github.com/matrix-org/matrix-ios-sdk.git`, branch `develop`)
  - OLMKit
  - Reusable (~> 4.1)
  - RxSwift (~> 4.3)
  - SwiftGen (~> 6.1)
  - SwiftLint (~> 0.27)
  - SwiftUTI (from `https://github.com/speramusinc/SwiftUTI.git`, branch `master`)

SPEC REPOS:
  trunk:
    - AFNetworking
    - cmark
    - DTCoreText
    - DTFoundation
    - GBDeviceInfo
    - GZIP
    - HPGrowingTextView
    - JitsiMeetSDK
    - libbase58
    - libPhoneNumber-iOS
    - MatomoTracker
    - OLMKit
    - Realm
    - Reusable
    - RxSwift
    - SwiftGen
    - SwiftLint

EXTERNAL SOURCES:
  MatrixKit:
    :branch: develop
    :git: https://github.com/matrix-org/matrix-ios-kit.git
  MatrixSDK:
    :branch: develop
    :git: https://github.com/matrix-org/matrix-ios-sdk.git
  SwiftUTI:
    :branch: master
    :git: https://github.com/speramusinc/SwiftUTI.git

CHECKOUT OPTIONS:
  MatrixKit:
    :commit: 78d96ec35b868bccf66f705486bab9eebbace931
    :git: https://github.com/matrix-org/matrix-ios-kit.git
  MatrixSDK:
    :commit: 756a3c32dbcfbd48c205dea65d32d2d9936db324
    :git: https://github.com/matrix-org/matrix-ios-sdk.git
  SwiftUTI:
    :commit: b6b46942fb3aad819610851f62a70e17a528444e
    :git: https://github.com/speramusinc/SwiftUTI.git

SPEC CHECKSUMS:
  AFNetworking: b6f891fdfaed196b46c7a83cf209e09697b94057
  cmark: 1d9ad0375e3b9fa281732e992467903606015520
  DTCoreText: 67023bb51b26711d5f640c851f4845aea14c24c9
  DTFoundation: 25aa19bb7c6e225b1dfae195604fb8cf1da0ab4c
  GBDeviceInfo: 2c65ceb9404f9079264d4c238f5b81916fdfc5e2
  GZIP: af5c90ef903776a7e9afe6ebebd794a84a2929d4
  HPGrowingTextView: 88a716d97fb853bcb08a4a08e4727da17efc9b19
  JitsiMeetSDK: 69e4978fbab21f9a535d1bec3b8d43721a4c72b2
  libbase58: 7c040313537b8c44b6e2d15586af8e21f7354efd
  libPhoneNumber-iOS: 0a32a9525cf8744fe02c5206eb30d571e38f7d75
  MatomoTracker: 6f89e2561083685a360e223fb663e9ccd57c1d1a
  MatrixKit: 5a20025b05490a70694b701e607ec75e0988af21
  MatrixSDK: f83bd3c5519c1cb9ac3998f6423574cf528f0250
  OLMKit: 4ee0159d63feeb86d836fdcfefe418e163511639
  Realm: 5a1d9d47bfc101dd597668b1a8af4288a2557f6d
  Reusable: 82be188f29d96dc5eff0db7b2393bcc08d2cdd5b
  RxSwift: f172070dfd1a93d70a9ab97a5a01166206e1c575
  SwiftGen: f872ca75cbd17bf7103c17f13dcfa0d9a15667b0
  SwiftLint: 4105f061f9812b214568b736dab580ab2c73a582
  SwiftUTI: 917993c124f8eac25e88ced0202fc58d7eb50fa8

PODFILE CHECKSUM: e62bf233552e4a306f3d37bae2d96bafe8ffad33

COCOAPODS: 1.8.4
